# @generated by Move, please check-in and do not edit manually.

[move]
version = 2
manifest_digest = "B50D863213C414846FF3A1DF7312588CDB1888F703630D9FEF8DA711053AE549"
deps_digest = "3C4103934B1E040BB6B23F1D610B4EF9F2F1166A50A104EADCF77467C004C600"
dependencies = [
  { name = "Sui" },
  { name = "SuiSystem" },
]

[[move.package]]
name = "MoveStdlib"
source = { git = "https://github.com/MystenLabs/sui.git", rev = "framework/mainnet", subdir = "crates\\sui-framework\\packages\\move-stdlib" }

[[move.package]]
name = "Sui"
source = { git = "https://github.com/MystenLabs/sui.git", rev = "framework/mainnet", subdir = "crates\\sui-framework\\packages\\sui-framework" }

dependencies = [
  { name = "MoveStdlib" },
]

[[move.package]]
name = "SuiSystem"
source = { git = "https://github.com/MystenLabs/sui.git", rev = "framework/mainnet", subdir = "crates/sui-framework/packages/sui-system" }

dependencies = [
  { name = "MoveStdlib" },
  { name = "Sui" },
]

[move.toolchain-version]
compiler-version = "1.24.0"
edition = "2024.beta"
flavor = "sui"

[env]

[env.testnet]
chain-id = "4c78adac"
original-published-id = "0x7f19d87be44eeaadb376046e25a58e670c7a6e991e0c0c8a9ff59b6d5f16aa65"
latest-published-id = "0x7f19d87be44eeaadb376046e25a58e670c7a6e991e0c0c8a9ff59b6d5f16aa65"
published-version = "1"

[env.mainnet]
chain-id = "35834a8a"
original-published-id = "0xc9dc98c63a3551dedb890e59261088ddddeb197854beb1cb0589c41188e33762"
latest-published-id = "0xc9dc98c63a3551dedb890e59261088ddddeb197854beb1cb0589c41188e33762"
published-version = "1"

[env.devnet]
chain-id = "d29677eb"
original-published-id = "0xfce526d31e38140eac6f624c9654caa2a9b86b604407fef190c9505895923c59"
latest-published-id = "0xfce526d31e38140eac6f624c9654caa2a9b86b604407fef190c9505895923c59"
published-version = "1"
