# @generated by Move, please check-in and do not edit manually.

[move]
version = 2
manifest_digest = "B50D863213C414846FF3A1DF7312588CDB1888F703630D9FEF8DA711053AE549"
deps_digest = "3C4103934B1E040BB6B23F1D610B4EF9F2F1166A50A104EADCF77467C004C600"
dependencies = [
  { name = "Sui" },
  { name = "SuiSystem" },
]

[[move.package]]
name = "MoveStdlib"
source = { git = "https://github.com/MystenLabs/sui.git", rev = "framework/mainnet", subdir = "crates/sui-framework/packages/move-stdlib" }

[[move.package]]
name = "Sui"
source = { git = "https://github.com/MystenLabs/sui.git", rev = "framework/mainnet", subdir = "crates/sui-framework/packages/sui-framework" }

dependencies = [
  { name = "MoveStdlib" },
]

[[move.package]]
name = "SuiSystem"
source = { git = "https://github.com/MystenLabs/sui.git", rev = "framework/mainnet", subdir = "crates/sui-framework/packages/sui-system" }

dependencies = [
  { name = "MoveStdlib" },
  { name = "Sui" },
]

[move.toolchain-version]
compiler-version = "1.24.0"
edition = "2024.beta"
flavor = "sui"

[env]

[env.testnet]
chain-id = "4c78adac"
original-published-id = "0xc0e106dfb614cc1303499249214f7040108a974d26e739b0d9a6a51f839d70b7"
latest-published-id = "0xc0e106dfb614cc1303499249214f7040108a974d26e739b0d9a6a51f839d70b7"
published-version = "1"

[env.mainnet]
chain-id = "35834a8a"
original-published-id = "0xc578d61a81e9dcf7fc895c43251054444ce97a4a1d28e54b0e1ddd0ab69df826"
latest-published-id = "0xc578d61a81e9dcf7fc895c43251054444ce97a4a1d28e54b0e1ddd0ab69df826"
published-version = "1"

[env.devnet]
chain-id = "d29677eb"
original-published-id = "0xde1457049d4104c1ca07ae866455b8fb1b598e592c86c811676d22958967c408"
latest-published-id = "0xde1457049d4104c1ca07ae866455b8fb1b598e592c86c811676d22958967c408"
published-version = "1"
